
Microsoft Visual Studio Solution File, Format Version 12.00
# Visual Studio Version 17
VisualStudioVersion = 17.13.35806.99 d17.13
MinimumVisualStudioVersion = 10.0.40219.1
Project("{FAE04EC0-301F-11D3-BF4B-00C04F79EFBC}") = "RecordManager", "RecordManager\RecordManager.csproj", "{2BB763F8-02DF-4A33-8193-27493FFCDF39}"
EndProject
Global
	GlobalSection(SolutionConfigurationPlatforms) = preSolution
		Debug|Any CPU = Debug|Any CPU
		Release|Any CPU = Release|Any CPU
	EndGlobalSection
	GlobalSection(ProjectConfigurationPlatforms) = postSolution
		{2BB763F8-02DF-4A33-8193-27493FFCDF39}.Debug|Any CPU.ActiveCfg = Debug|Any CPU
		{2BB763F8-02DF-4A33-8193-27493FFCDF39}.Debug|Any CPU.Build.0 = Debug|Any CPU
		{2BB763F8-02DF-4A33-8193-27493FFCDF39}.Release|Any CPU.ActiveCfg = Release|Any CPU
		{2BB763F8-02DF-4A33-8193-27493FFCDF39}.Release|Any CPU.Build.0 = Release|Any CPU
	EndGlobalSection
	GlobalSection(SolutionProperties) = preSolution
		HideSolutionNode = FALSE
	EndGlobalSection
	GlobalSection(ExtensibilityGlobals) = postSolution
		SolutionGuid = {A73D73C0-6820-468E-923F-0EF811AD3528}
	EndGlobalSection
EndGlobal
